{
  "name": "node-red-contrib-sectoralarm",
  "version": "1.1.2",
  "lockfileVersion": 1,
  "requires": true,
  "dependencies": {
    "asap": {
      "version": "2.0.6",
      "resolved": "https://registry.npmjs.org/asap/-/asap-2.0.6.tgz",
      "integrity": "sha1-5QNHYR1+aQlDIIu9r+vLwvuGbUY="
    },
    "https": {
      "version": "1.0.0",
      "resolved": "https://registry.npmjs.org/https/-/https-1.0.0.tgz",
      "integrity": "sha1-PDfHrhqO65ZpBKKtHpdaGUt+06Q="
    },
    "json-mapper": {
      "version": "0.0.12",
      "resolved": "https://registry.npmjs.org/json-mapper/-/json-mapper-0.0.12.tgz",
      "integrity": "sha1-lHYV36bzZ+tgm5/u66vWzsM4heE="
    },
    "moment": {
      "version": "2.21.0",
      "resolved": "https://registry.npmjs.org/moment/-/moment-2.21.0.tgz",
      "integrity": "sha512-TCZ36BjURTeFTM/CwRcViQlfkMvL1/vFISuNLO5GkcVm1+QHfbSiNqZuWeMFjj1/3+uAjXswgRk30j1kkLYJBQ=="
    },
    "promise": {
      "version": "8.0.1",
      "resolved": "https://registry.npmjs.org/promise/-/promise-8.0.1.tgz",
      "integrity": "sha1-5F1osAoXZHttpxG/he1u1HII9FA=",
      "requires": {
        "asap": "2.0.6"
      }
    },
    "sectoralarm": {
      "version": "1.1.1",
      "resolved": "https://registry.npmjs.org/sectoralarm/-/sectoralarm-1.1.1.tgz",
      "integrity": "sha512-8ehyUSGCVKTOWvSXIsp4TYA/8/+dvXYpDRM3gfy7FCfOzapFLfuZYiDyq1u234CrCIBR0JH5UzUdB7NiOTAg9g==",
      "requires": {
        "https": "1.0.0",
        "json-mapper": "0.0.12",
        "moment": "2.21.0",
        "promise": "8.0.1"
      }
    }
  }
}
